
Microsoft Visual Studio Solution File, Format Version 12.00
# Visual Studio Version 17
VisualStudioVersion = 17.2.32630.192
MinimumVisualStudioVersion = 10.0.40219.1
Project("{FAE04EC0-301F-11D3-BF4B-00C04F79EFBC}") = "InnerExceptionProject", "InnerExceptionProject\InnerExceptionProject.csproj", "{3B079178-DE76-42C7-B956-A47E064FD571}"
EndProject
Global
	GlobalSection(SolutionConfigurationPlatforms) = preSolution
		Debug|Any CPU = Debug|Any CPU
		Release|Any CPU = Release|Any CPU
	EndGlobalSection
	GlobalSection(ProjectConfigurationPlatforms) = postSolution
		{3B079178-DE76-42C7-B956-A47E064FD571}.Debug|Any CPU.ActiveCfg = Debug|Any CPU
		{3B079178-DE76-42C7-B956-A47E064FD571}.Debug|Any CPU.Build.0 = Debug|Any CPU
		{3B079178-DE76-42C7-B956-A47E064FD571}.Release|Any CPU.ActiveCfg = Release|Any CPU
		{3B079178-DE76-42C7-B956-A47E064FD571}.Release|Any CPU.Build.0 = Release|Any CPU
	EndGlobalSection
	GlobalSection(SolutionProperties) = preSolution
		HideSolutionNode = FALSE
	EndGlobalSection
	GlobalSection(ExtensibilityGlobals) = postSolution
		SolutionGuid = {8B7BF553-728C-484E-915E-051BD9BFEB74}
	EndGlobalSection
EndGlobal
